
Microsoft Visual Studio Solution File, Format Version 12.00
# Visual Studio Version 16
VisualStudioVersion = 16.0.30611.23
MinimumVisualStudioVersion = 10.0.40219.1
Project("{FAE04EC0-301F-11D3-BF4B-00C04F79EFBC}") = "AutonEventsParser", "AutonEventsParser\AutonEventsParser.csproj", "{6E25A78A-2A60-412F-A460-260D08DD0A87}"
EndProject
Project("{FAE04EC0-301F-11D3-BF4B-00C04F79EFBC}") = "UnitTestProjectAutonEventsParser", "UnitTestProjectAutonEventsParser\UnitTestProjectAutonEventsParser.csproj", "{FA394857-8B3E-412F-A9BC-843B5970AE8A}"
EndProject
Global
	GlobalSection(SolutionConfigurationPlatforms) = preSolution
		Debug|Any CPU = Debug|Any CPU
		Release|Any CPU = Release|Any CPU
	EndGlobalSection
	GlobalSection(ProjectConfigurationPlatforms) = postSolution
		{6E25A78A-2A60-412F-A460-260D08DD0A87}.Debug|Any CPU.ActiveCfg = Debug|Any CPU
		{6E25A78A-2A60-412F-A460-260D08DD0A87}.Debug|Any CPU.Build.0 = Debug|Any CPU
		{6E25A78A-2A60-412F-A460-260D08DD0A87}.Release|Any CPU.ActiveCfg = Release|Any CPU
		{6E25A78A-2A60-412F-A460-260D08DD0A87}.Release|Any CPU.Build.0 = Release|Any CPU
		{FA394857-8B3E-412F-A9BC-843B5970AE8A}.Debug|Any CPU.ActiveCfg = Debug|Any CPU
		{FA394857-8B3E-412F-A9BC-843B5970AE8A}.Debug|Any CPU.Build.0 = Debug|Any CPU
		{FA394857-8B3E-412F-A9BC-843B5970AE8A}.Release|Any CPU.ActiveCfg = Release|Any CPU
		{FA394857-8B3E-412F-A9BC-843B5970AE8A}.Release|Any CPU.Build.0 = Release|Any CPU
	EndGlobalSection
	GlobalSection(SolutionProperties) = preSolution
		HideSolutionNode = FALSE
	EndGlobalSection
	GlobalSection(ExtensibilityGlobals) = postSolution
		SolutionGuid = {34626D25-28FF-482E-8E54-7025D237DB30}
	EndGlobalSection
EndGlobal
